
Microsoft Visual Studio Solution File, Format Version 12.00
# Visual Studio Version 16
VisualStudioVersion = 16.0.31729.503
MinimumVisualStudioVersion = 10.0.40219.1
Project("{FAE04EC0-301F-11D3-BF4B-00C04F79EFBC}") = "Mahmoud Calculator", "Mahmoud Calculator\Mahmoud Calculator.csproj", "{A73FDDA3-FCA6-4DE9-8753-FC53BBD9CBFE}"
EndProject
Global
	GlobalSection(SolutionConfigurationPlatforms) = preSolution
		Debug|Any CPU = Debug|Any CPU
		Release|Any CPU = Release|Any CPU
	EndGlobalSection
	GlobalSection(ProjectConfigurationPlatforms) = postSolution
		{A73FDDA3-FCA6-4DE9-8753-FC53BBD9CBFE}.Debug|Any CPU.ActiveCfg = Debug|Any CPU
		{A73FDDA3-FCA6-4DE9-8753-FC53BBD9CBFE}.Debug|Any CPU.Build.0 = Debug|Any CPU
		{A73FDDA3-FCA6-4DE9-8753-FC53BBD9CBFE}.Release|Any CPU.ActiveCfg = Release|Any CPU
		{A73FDDA3-FCA6-4DE9-8753-FC53BBD9CBFE}.Release|Any CPU.Build.0 = Release|Any CPU
	EndGlobalSection
	GlobalSection(SolutionProperties) = preSolution
		HideSolutionNode = FALSE
	EndGlobalSection
	GlobalSection(ExtensibilityGlobals) = postSolution
		SolutionGuid = {F871F015-3819-44DC-9418-A675EEDD8EE4}
	EndGlobalSection
EndGlobal
